
Microsoft Visual Studio Solution File, Format Version 12.00
# Visual Studio Version 17
VisualStudioVersion = 17.12.35527.113
MinimumVisualStudioVersion = 10.0.40219.1
Project("{2150E333-8FDC-42A3-9474-1A3956D46DE8}") = "Task0", "Task0", "{A4A08B4C-861F-481C-B71F-4492391B0D9C}"
EndProject
Project("{FAE04EC0-301F-11D3-BF4B-00C04F79EFBC}") = "Tyuiu.PlesovskikhBA.Sprint1.Task0.V18", "Tyuiu.PlesovskikhBA.Sprint1.Task0.V18\Tyuiu.PlesovskikhBA.Sprint1.Task0.V18.csproj", "{2993BA52-2BF7-4DE2-8776-E7317BCF3E34}"
EndProject
Project("{FAE04EC0-301F-11D3-BF4B-00C04F79EFBC}") = "Tyuiu.PlesovskikhBA.Sprint1.Task0.V18.Lib", "Tyuiu.PlesovskikhBA.Sprint1.Task0.V18.Lib\Tyuiu.PlesovskikhBA.Sprint1.Task0.V18.Lib.csproj", "{6491B6ED-5F68-41DF-8FAC-7658E102AD5A}"
EndProject
Project("{FAE04EC0-301F-11D3-BF4B-00C04F79EFBC}") = "Tyuiu.PlesovskikhBA.Sprint1.Task0.V18.Test", "Tyuiu.PlesovskikhBA.Sprint1.Task0.V18.Test\Tyuiu.PlesovskikhBA.Sprint1.Task0.V18.Test.csproj", "{6264FAB8-8DC9-4DB2-9885-CDF01AB5E3E3}"
EndProject
Project("{2150E333-8FDC-42A3-9474-1A3956D46DE8}") = "Task1", "Task1", "{2FC243D2-BE22-4C38-A7B6-C0A07A0E6037}"
EndProject
Project("{FAE04EC0-301F-11D3-BF4B-00C04F79EFBC}") = "Tyuiu.PlesovskikhBA.Sprint1.Task1.V4", "Tyuiu.PlesovskikhBA.Sprint1.Task1.V4\Tyuiu.PlesovskikhBA.Sprint1.Task1.V4.csproj", "{569DC162-087C-453C-90B6-E31B74CF149D}"
EndProject
Project("{FAE04EC0-301F-11D3-BF4B-00C04F79EFBC}") = "Tyuiu.PlesovskikhBA.Sprint1.Task1.V4.Lib", "Tyuiu.PlesovskikhBA.Sprint1.Task1.V4.Lib\Tyuiu.PlesovskikhBA.Sprint1.Task1.V4.Lib.csproj", "{7E39601E-2742-44EC-B5A3-979EEDD4097B}"
EndProject
Project("{FAE04EC0-301F-11D3-BF4B-00C04F79EFBC}") = "Tyuiu.PlesovskikhBA.Sprint1.Task1.V4.Test", "Tyuiu.PlesovskikhBA.Sprint1.Task1.V4.Test\Tyuiu.PlesovskikhBA.Sprint1.Task1.V4.Test.csproj", "{7AED80C0-22BA-4D6A-A9F3-B441D6FA470B}"
EndProject
Project("{2150E333-8FDC-42A3-9474-1A3956D46DE8}") = "Task2", "Task2", "{1951F5BF-1740-4656-9C9C-86D6A3106931}"
EndProject
Project("{FAE04EC0-301F-11D3-BF4B-00C04F79EFBC}") = "Tyuiu.PlesovskikhBA.Sprint1.Task2.V27", "Tyuiu.PlesovskikhBA.Sprint1.Task2.V27\Tyuiu.PlesovskikhBA.Sprint1.Task2.V27.csproj", "{C3CA8CE2-0F38-402C-8392-DA8B2C1EB214}"
EndProject
Project("{FAE04EC0-301F-11D3-BF4B-00C04F79EFBC}") = "Tyuiu.PlesovskikhBA.Sprint1.Task2.V27.Lib", "Tyuiu.PlesovskikhBA.Sprint1.Task2.V27.Lib\Tyuiu.PlesovskikhBA.Sprint1.Task2.V27.Lib.csproj", "{DE27285C-FF21-4056-9681-C00AAD893279}"
EndProject
Project("{FAE04EC0-301F-11D3-BF4B-00C04F79EFBC}") = "Tyuiu.PlesovskikhBA.Sprint1.Task2.V27.Test", "Tyuiu.PlesovskikhBA.Sprint1.Task2.V27.Test\Tyuiu.PlesovskikhBA.Sprint1.Task2.V27.Test.csproj", "{0E29536D-6346-47FF-852D-C973E516ECE1}"
EndProject
Global
	GlobalSection(SolutionConfigurationPlatforms) = preSolution
		Debug|Any CPU = Debug|Any CPU
		Release|Any CPU = Release|Any CPU
	EndGlobalSection
	GlobalSection(ProjectConfigurationPlatforms) = postSolution
		{2993BA52-2BF7-4DE2-8776-E7317BCF3E34}.Debug|Any CPU.ActiveCfg = Debug|Any CPU
		{2993BA52-2BF7-4DE2-8776-E7317BCF3E34}.Debug|Any CPU.Build.0 = Debug|Any CPU
		{2993BA52-2BF7-4DE2-8776-E7317BCF3E34}.Release|Any CPU.ActiveCfg = Release|Any CPU
		{2993BA52-2BF7-4DE2-8776-E7317BCF3E34}.Release|Any CPU.Build.0 = Release|Any CPU
		{6491B6ED-5F68-41DF-8FAC-7658E102AD5A}.Debug|Any CPU.ActiveCfg = Debug|Any CPU
		{6491B6ED-5F68-41DF-8FAC-7658E102AD5A}.Debug|Any CPU.Build.0 = Debug|Any CPU
		{6491B6ED-5F68-41DF-8FAC-7658E102AD5A}.Release|Any CPU.ActiveCfg = Release|Any CPU
		{6491B6ED-5F68-41DF-8FAC-7658E102AD5A}.Release|Any CPU.Build.0 = Release|Any CPU
		{6264FAB8-8DC9-4DB2-9885-CDF01AB5E3E3}.Debug|Any CPU.ActiveCfg = Debug|Any CPU
		{6264FAB8-8DC9-4DB2-9885-CDF01AB5E3E3}.Debug|Any CPU.Build.0 = Debug|Any CPU
		{6264FAB8-8DC9-4DB2-9885-CDF01AB5E3E3}.Release|Any CPU.ActiveCfg = Release|Any CPU
		{6264FAB8-8DC9-4DB2-9885-CDF01AB5E3E3}.Release|Any CPU.Build.0 = Release|Any CPU
		{569DC162-087C-453C-90B6-E31B74CF149D}.Debug|Any CPU.ActiveCfg = Debug|Any CPU
		{569DC162-087C-453C-90B6-E31B74CF149D}.Debug|Any CPU.Build.0 = Debug|Any CPU
		{569DC162-087C-453C-90B6-E31B74CF149D}.Release|Any CPU.ActiveCfg = Release|Any CPU
		{569DC162-087C-453C-90B6-E31B74CF149D}.Release|Any CPU.Build.0 = Release|Any CPU
		{7E39601E-2742-44EC-B5A3-979EEDD4097B}.Debug|Any CPU.ActiveCfg = Debug|Any CPU
		{7E39601E-2742-44EC-B5A3-979EEDD4097B}.Debug|Any CPU.Build.0 = Debug|Any CPU
		{7E39601E-2742-44EC-B5A3-979EEDD4097B}.Release|Any CPU.ActiveCfg = Release|Any CPU
		{7E39601E-2742-44EC-B5A3-979EEDD4097B}.Release|Any CPU.Build.0 = Release|Any CPU
		{7AED80C0-22BA-4D6A-A9F3-B441D6FA470B}.Debug|Any CPU.ActiveCfg = Debug|Any CPU
		{7AED80C0-22BA-4D6A-A9F3-B441D6FA470B}.Debug|Any CPU.Build.0 = Debug|Any CPU
		{7AED80C0-22BA-4D6A-A9F3-B441D6FA470B}.Release|Any CPU.ActiveCfg = Release|Any CPU
		{7AED80C0-22BA-4D6A-A9F3-B441D6FA470B}.Release|Any CPU.Build.0 = Release|Any CPU
		{C3CA8CE2-0F38-402C-8392-DA8B2C1EB214}.Debug|Any CPU.ActiveCfg = Debug|Any CPU
		{C3CA8CE2-0F38-402C-8392-DA8B2C1EB214}.Debug|Any CPU.Build.0 = Debug|Any CPU
		{C3CA8CE2-0F38-402C-8392-DA8B2C1EB214}.Release|Any CPU.ActiveCfg = Release|Any CPU
		{C3CA8CE2-0F38-402C-8392-DA8B2C1EB214}.Release|Any CPU.Build.0 = Release|Any CPU
		{DE27285C-FF21-4056-9681-C00AAD893279}.Debug|Any CPU.ActiveCfg = Debug|Any CPU
		{DE27285C-FF21-4056-9681-C00AAD893279}.Debug|Any CPU.Build.0 = Debug|Any CPU
		{DE27285C-FF21-4056-9681-C00AAD893279}.Release|Any CPU.ActiveCfg = Release|Any CPU
		{DE27285C-FF21-4056-9681-C00AAD893279}.Release|Any CPU.Build.0 = Release|Any CPU
		{0E29536D-6346-47FF-852D-C973E516ECE1}.Debug|Any CPU.ActiveCfg = Debug|Any CPU
		{0E29536D-6346-47FF-852D-C973E516ECE1}.Debug|Any CPU.Build.0 = Debug|Any CPU
		{0E29536D-6346-47FF-852D-C973E516ECE1}.Release|Any CPU.ActiveCfg = Release|Any CPU
		{0E29536D-6346-47FF-852D-C973E516ECE1}.Release|Any CPU.Build.0 = Release|Any CPU
	EndGlobalSection
	GlobalSection(SolutionProperties) = preSolution
		HideSolutionNode = FALSE
	EndGlobalSection
	GlobalSection(NestedProjects) = preSolution
		{2993BA52-2BF7-4DE2-8776-E7317BCF3E34} = {A4A08B4C-861F-481C-B71F-4492391B0D9C}
		{6491B6ED-5F68-41DF-8FAC-7658E102AD5A} = {A4A08B4C-861F-481C-B71F-4492391B0D9C}
		{6264FAB8-8DC9-4DB2-9885-CDF01AB5E3E3} = {A4A08B4C-861F-481C-B71F-4492391B0D9C}
		{569DC162-087C-453C-90B6-E31B74CF149D} = {2FC243D2-BE22-4C38-A7B6-C0A07A0E6037}
		{7E39601E-2742-44EC-B5A3-979EEDD4097B} = {2FC243D2-BE22-4C38-A7B6-C0A07A0E6037}
		{7AED80C0-22BA-4D6A-A9F3-B441D6FA470B} = {2FC243D2-BE22-4C38-A7B6-C0A07A0E6037}
		{C3CA8CE2-0F38-402C-8392-DA8B2C1EB214} = {1951F5BF-1740-4656-9C9C-86D6A3106931}
		{DE27285C-FF21-4056-9681-C00AAD893279} = {1951F5BF-1740-4656-9C9C-86D6A3106931}
		{0E29536D-6346-47FF-852D-C973E516ECE1} = {1951F5BF-1740-4656-9C9C-86D6A3106931}
	EndGlobalSection
EndGlobal
