
Microsoft Visual Studio Solution File, Format Version 12.00
# Visual Studio Version 17
VisualStudioVersion = 17.12.35527.113
MinimumVisualStudioVersion = 10.0.40219.1
Project("{2150E333-8FDC-42A3-9474-1A3956D46DE8}") = "Task0", "Task0", "{A4A08B4C-861F-481C-B71F-4492391B0D9C}"
EndProject
Project("{FAE04EC0-301F-11D3-BF4B-00C04F79EFBC}") = "Tyuiu.PlesovskikhBA.Sprint1.Task0.V18", "Tyuiu.PlesovskikhBA.Sprint1.Task0.V18\Tyuiu.PlesovskikhBA.Sprint1.Task0.V18.csproj", "{2993BA52-2BF7-4DE2-8776-E7317BCF3E34}"
EndProject
Project("{FAE04EC0-301F-11D3-BF4B-00C04F79EFBC}") = "Tyuiu.PlesovskikhBA.Sprint1.Task0.V18.Lib", "Tyuiu.PlesovskikhBA.Sprint1.Task0.V18.Lib\Tyuiu.PlesovskikhBA.Sprint1.Task0.V18.Lib.csproj", "{6491B6ED-5F68-41DF-8FAC-7658E102AD5A}"
EndProject
Project("{FAE04EC0-301F-11D3-BF4B-00C04F79EFBC}") = "Tyuiu.PlesovskikhBA.Sprint1.Task0.V18.Test", "Tyuiu.PlesovskikhBA.Sprint1.Task0.V18.Test\Tyuiu.PlesovskikhBA.Sprint1.Task0.V18.Test.csproj", "{6264FAB8-8DC9-4DB2-9885-CDF01AB5E3E3}"
EndProject
Project("{2150E333-8FDC-42A3-9474-1A3956D46DE8}") = "Task1", "Task1", "{2FC243D2-BE22-4C38-A7B6-C0A07A0E6037}"
EndProject
Project("{FAE04EC0-301F-11D3-BF4B-00C04F79EFBC}") = "Tyuiu.PlesovskikhBA.Sprint1.Task1.V4", "Tyuiu.PlesovskikhBA.Sprint1.Task1.V4\Tyuiu.PlesovskikhBA.Sprint1.Task1.V4.csproj", "{569DC162-087C-453C-90B6-E31B74CF149D}"
EndProject
Project("{FAE04EC0-301F-11D3-BF4B-00C04F79EFBC}") = "Tyuiu.PlesovskikhBA.Sprint1.Task1.V4.Lib", "Tyuiu.PlesovskikhBA.Sprint1.Task1.V4.Lib\Tyuiu.PlesovskikhBA.Sprint1.Task1.V4.Lib.csproj", "{7E39601E-2742-44EC-B5A3-979EEDD4097B}"
EndProject
Project("{FAE04EC0-301F-11D3-BF4B-00C04F79EFBC}") = "Tyuiu.PlesovskikhBA.Sprint1.Task1.V4.Test", "Tyuiu.PlesovskikhBA.Sprint1.Task1.V4.Test\Tyuiu.PlesovskikhBA.Sprint1.Task1.V4.Test.csproj", "{7AED80C0-22BA-4D6A-A9F3-B441D6FA470B}"
EndProject
Project("{2150E333-8FDC-42A3-9474-1A3956D46DE8}") = "Task2", "Task2", "{1951F5BF-1740-4656-9C9C-86D6A3106931}"
EndProject
Project("{FAE04EC0-301F-11D3-BF4B-00C04F79EFBC}") = "Tyuiu.PlesovskikhBA.Sprint1.Task2.V27", "Tyuiu.PlesovskikhBA.Sprint1.Task2.V27\Tyuiu.PlesovskikhBA.Sprint1.Task2.V27.csproj", "{C3CA8CE2-0F38-402C-8392-DA8B2C1EB214}"
EndProject
Project("{FAE04EC0-301F-11D3-BF4B-00C04F79EFBC}") = "Tyuiu.PlesovskikhBA.Sprint1.Task2.V27.Lib", "Tyuiu.PlesovskikhBA.Sprint1.Task2.V27.Lib\Tyuiu.PlesovskikhBA.Sprint1.Task2.V27.Lib.csproj", "{DE27285C-FF21-4056-9681-C00AAD893279}"
EndProject
Project("{FAE04EC0-301F-11D3-BF4B-00C04F79EFBC}") = "Tyuiu.PlesovskikhBA.Sprint1.Task2.V27.Test", "Tyuiu.PlesovskikhBA.Sprint1.Task2.V27.Test\Tyuiu.PlesovskikhBA.Sprint1.Task2.V27.Test.csproj", "{0E29536D-6346-47FF-852D-C973E516ECE1}"
EndProject
Project("{2150E333-8FDC-42A3-9474-1A3956D46DE8}") = "Task3", "Task3", "{50D29B26-C075-42FF-A6F8-D386600B273F}"
EndProject
Project("{FAE04EC0-301F-11D3-BF4B-00C04F79EFBC}") = "Tyuiu.PlesovskikhBA.Sprint1.Task3.V18", "Tyuiu.PlesovskikhBA.Sprint1.Task3.V18\Tyuiu.PlesovskikhBA.Sprint1.Task3.V18.csproj", "{A2A35583-EFE8-49A9-A5C9-2B153FFB8426}"
EndProject
Project("{FAE04EC0-301F-11D3-BF4B-00C04F79EFBC}") = "Tyuiu.PlesovskikhBA.Sprint1.Task3.V18.Lib", "Tyuiu.PlesovskikhBA.Sprint1.Task3.V18.Lib\Tyuiu.PlesovskikhBA.Sprint1.Task3.V18.Lib.csproj", "{7C0C2443-8A85-4B0B-9263-15C44C381DE6}"
EndProject
Project("{FAE04EC0-301F-11D3-BF4B-00C04F79EFBC}") = "Tyuiu.PlesovskikhBA.Sprint1.Task3.V18.Test", "Tyuiu.PlesovskikhBA.Sprint1.Task3.V18.Test\Tyuiu.PlesovskikhBA.Sprint1.Task3.V18.Test.csproj", "{F7F39D05-E5A1-49AF-9446-5D49A0C0EE58}"
EndProject
Project("{2150E333-8FDC-42A3-9474-1A3956D46DE8}") = "Task4", "Task4", "{CA3FD68B-E885-44F7-BCAA-C95ECDA729DA}"
EndProject
Project("{FAE04EC0-301F-11D3-BF4B-00C04F79EFBC}") = "Tyuiu.PlesovskikhBA.Sprint1.Task4.V29", "Tyuiu.PlesovskikhBA.Sprint1.Task4.V29\Tyuiu.PlesovskikhBA.Sprint1.Task4.V29.csproj", "{A07F881A-CE35-4801-9742-4A8C8568B13C}"
EndProject
Project("{FAE04EC0-301F-11D3-BF4B-00C04F79EFBC}") = "Tyuiu.PlesovskikhBA.Sprint1.Task4.V29.Lib", "Tyuiu.PlesovskikhBA.Sprint1.Task4.V29.Lib\Tyuiu.PlesovskikhBA.Sprint1.Task4.V29.Lib.csproj", "{865CAE09-DA85-4981-9D9A-A02CDF217DF6}"
EndProject
Project("{FAE04EC0-301F-11D3-BF4B-00C04F79EFBC}") = "Tyuiu.PlesovskikhBA.Sprint1.Task4.V29.Test", "Tyuiu.PlesovskikhBA.Sprint1.Task4.V29.Test\Tyuiu.PlesovskikhBA.Sprint1.Task4.V29.Test.csproj", "{84B5054F-C29C-4D26-B9D6-1F60C290CDEB}"
EndProject
Project("{2150E333-8FDC-42A3-9474-1A3956D46DE8}") = "Task5", "Task5", "{F2095D8F-99FD-4640-BE84-03A89B6B384F}"
EndProject
Project("{FAE04EC0-301F-11D3-BF4B-00C04F79EFBC}") = "Tyuiu.PlesovskikhBA.Sprint1.Task5.V7", "Tyuiu.PlesovskikhBA.Sprint1.Task5.V7\Tyuiu.PlesovskikhBA.Sprint1.Task5.V7.csproj", "{73AEF70A-DEEB-475A-927C-70902F454E36}"
EndProject
Project("{FAE04EC0-301F-11D3-BF4B-00C04F79EFBC}") = "Tyuiu.PlesovskikhBA.Sprint1.Task5.V7.Lib", "Tyuiu.PlesovskikhBA.Sprint1.Task5.V7.Lib\Tyuiu.PlesovskikhBA.Sprint1.Task5.V7.Lib.csproj", "{7F432942-ACE6-4B64-B545-12E70CD952BD}"
EndProject
Project("{FAE04EC0-301F-11D3-BF4B-00C04F79EFBC}") = "Tyuiu.PlesovskikhBA.Sprint1.Task5.V7.Test", "Tyuiu.PlesovskikhBA.Sprint1.Task5.V7.Test\Tyuiu.PlesovskikhBA.Sprint1.Task5.V7.Test.csproj", "{B5AD5DC2-8D6D-455D-815E-96AB4BFA9975}"
EndProject
Global
	GlobalSection(SolutionConfigurationPlatforms) = preSolution
		Debug|Any CPU = Debug|Any CPU
		Release|Any CPU = Release|Any CPU
	EndGlobalSection
	GlobalSection(ProjectConfigurationPlatforms) = postSolution
		{2993BA52-2BF7-4DE2-8776-E7317BCF3E34}.Debug|Any CPU.ActiveCfg = Debug|Any CPU
		{2993BA52-2BF7-4DE2-8776-E7317BCF3E34}.Debug|Any CPU.Build.0 = Debug|Any CPU
		{2993BA52-2BF7-4DE2-8776-E7317BCF3E34}.Release|Any CPU.ActiveCfg = Release|Any CPU
		{2993BA52-2BF7-4DE2-8776-E7317BCF3E34}.Release|Any CPU.Build.0 = Release|Any CPU
		{6491B6ED-5F68-41DF-8FAC-7658E102AD5A}.Debug|Any CPU.ActiveCfg = Debug|Any CPU
		{6491B6ED-5F68-41DF-8FAC-7658E102AD5A}.Debug|Any CPU.Build.0 = Debug|Any CPU
		{6491B6ED-5F68-41DF-8FAC-7658E102AD5A}.Release|Any CPU.ActiveCfg = Release|Any CPU
		{6491B6ED-5F68-41DF-8FAC-7658E102AD5A}.Release|Any CPU.Build.0 = Release|Any CPU
		{6264FAB8-8DC9-4DB2-9885-CDF01AB5E3E3}.Debug|Any CPU.ActiveCfg = Debug|Any CPU
		{6264FAB8-8DC9-4DB2-9885-CDF01AB5E3E3}.Debug|Any CPU.Build.0 = Debug|Any CPU
		{6264FAB8-8DC9-4DB2-9885-CDF01AB5E3E3}.Release|Any CPU.ActiveCfg = Release|Any CPU
		{6264FAB8-8DC9-4DB2-9885-CDF01AB5E3E3}.Release|Any CPU.Build.0 = Release|Any CPU
		{569DC162-087C-453C-90B6-E31B74CF149D}.Debug|Any CPU.ActiveCfg = Debug|Any CPU
		{569DC162-087C-453C-90B6-E31B74CF149D}.Debug|Any CPU.Build.0 = Debug|Any CPU
		{569DC162-087C-453C-90B6-E31B74CF149D}.Release|Any CPU.ActiveCfg = Release|Any CPU
		{569DC162-087C-453C-90B6-E31B74CF149D}.Release|Any CPU.Build.0 = Release|Any CPU
		{7E39601E-2742-44EC-B5A3-979EEDD4097B}.Debug|Any CPU.ActiveCfg = Debug|Any CPU
		{7E39601E-2742-44EC-B5A3-979EEDD4097B}.Debug|Any CPU.Build.0 = Debug|Any CPU
		{7E39601E-2742-44EC-B5A3-979EEDD4097B}.Release|Any CPU.ActiveCfg = Release|Any CPU
		{7E39601E-2742-44EC-B5A3-979EEDD4097B}.Release|Any CPU.Build.0 = Release|Any CPU
		{7AED80C0-22BA-4D6A-A9F3-B441D6FA470B}.Debug|Any CPU.ActiveCfg = Debug|Any CPU
		{7AED80C0-22BA-4D6A-A9F3-B441D6FA470B}.Debug|Any CPU.Build.0 = Debug|Any CPU
		{7AED80C0-22BA-4D6A-A9F3-B441D6FA470B}.Release|Any CPU.ActiveCfg = Release|Any CPU
		{7AED80C0-22BA-4D6A-A9F3-B441D6FA470B}.Release|Any CPU.Build.0 = Release|Any CPU
		{C3CA8CE2-0F38-402C-8392-DA8B2C1EB214}.Debug|Any CPU.ActiveCfg = Debug|Any CPU
		{C3CA8CE2-0F38-402C-8392-DA8B2C1EB214}.Debug|Any CPU.Build.0 = Debug|Any CPU
		{C3CA8CE2-0F38-402C-8392-DA8B2C1EB214}.Release|Any CPU.ActiveCfg = Release|Any CPU
		{C3CA8CE2-0F38-402C-8392-DA8B2C1EB214}.Release|Any CPU.Build.0 = Release|Any CPU
		{DE27285C-FF21-4056-9681-C00AAD893279}.Debug|Any CPU.ActiveCfg = Debug|Any CPU
		{DE27285C-FF21-4056-9681-C00AAD893279}.Debug|Any CPU.Build.0 = Debug|Any CPU
		{DE27285C-FF21-4056-9681-C00AAD893279}.Release|Any CPU.ActiveCfg = Release|Any CPU
		{DE27285C-FF21-4056-9681-C00AAD893279}.Release|Any CPU.Build.0 = Release|Any CPU
		{0E29536D-6346-47FF-852D-C973E516ECE1}.Debug|Any CPU.ActiveCfg = Debug|Any CPU
		{0E29536D-6346-47FF-852D-C973E516ECE1}.Debug|Any CPU.Build.0 = Debug|Any CPU
		{0E29536D-6346-47FF-852D-C973E516ECE1}.Release|Any CPU.ActiveCfg = Release|Any CPU
		{0E29536D-6346-47FF-852D-C973E516ECE1}.Release|Any CPU.Build.0 = Release|Any CPU
		{A2A35583-EFE8-49A9-A5C9-2B153FFB8426}.Debug|Any CPU.ActiveCfg = Debug|Any CPU
		{A2A35583-EFE8-49A9-A5C9-2B153FFB8426}.Debug|Any CPU.Build.0 = Debug|Any CPU
		{A2A35583-EFE8-49A9-A5C9-2B153FFB8426}.Release|Any CPU.ActiveCfg = Release|Any CPU
		{A2A35583-EFE8-49A9-A5C9-2B153FFB8426}.Release|Any CPU.Build.0 = Release|Any CPU
		{7C0C2443-8A85-4B0B-9263-15C44C381DE6}.Debug|Any CPU.ActiveCfg = Debug|Any CPU
		{7C0C2443-8A85-4B0B-9263-15C44C381DE6}.Debug|Any CPU.Build.0 = Debug|Any CPU
		{7C0C2443-8A85-4B0B-9263-15C44C381DE6}.Release|Any CPU.ActiveCfg = Release|Any CPU
		{7C0C2443-8A85-4B0B-9263-15C44C381DE6}.Release|Any CPU.Build.0 = Release|Any CPU
		{F7F39D05-E5A1-49AF-9446-5D49A0C0EE58}.Debug|Any CPU.ActiveCfg = Debug|Any CPU
		{F7F39D05-E5A1-49AF-9446-5D49A0C0EE58}.Debug|Any CPU.Build.0 = Debug|Any CPU
		{F7F39D05-E5A1-49AF-9446-5D49A0C0EE58}.Release|Any CPU.ActiveCfg = Release|Any CPU
		{F7F39D05-E5A1-49AF-9446-5D49A0C0EE58}.Release|Any CPU.Build.0 = Release|Any CPU
		{A07F881A-CE35-4801-9742-4A8C8568B13C}.Debug|Any CPU.ActiveCfg = Debug|Any CPU
		{A07F881A-CE35-4801-9742-4A8C8568B13C}.Debug|Any CPU.Build.0 = Debug|Any CPU
		{A07F881A-CE35-4801-9742-4A8C8568B13C}.Release|Any CPU.ActiveCfg = Release|Any CPU
		{A07F881A-CE35-4801-9742-4A8C8568B13C}.Release|Any CPU.Build.0 = Release|Any CPU
		{865CAE09-DA85-4981-9D9A-A02CDF217DF6}.Debug|Any CPU.ActiveCfg = Debug|Any CPU
		{865CAE09-DA85-4981-9D9A-A02CDF217DF6}.Debug|Any CPU.Build.0 = Debug|Any CPU
		{865CAE09-DA85-4981-9D9A-A02CDF217DF6}.Release|Any CPU.ActiveCfg = Release|Any CPU
		{865CAE09-DA85-4981-9D9A-A02CDF217DF6}.Release|Any CPU.Build.0 = Release|Any CPU
		{84B5054F-C29C-4D26-B9D6-1F60C290CDEB}.Debug|Any CPU.ActiveCfg = Debug|Any CPU
		{84B5054F-C29C-4D26-B9D6-1F60C290CDEB}.Debug|Any CPU.Build.0 = Debug|Any CPU
		{84B5054F-C29C-4D26-B9D6-1F60C290CDEB}.Release|Any CPU.ActiveCfg = Release|Any CPU
		{84B5054F-C29C-4D26-B9D6-1F60C290CDEB}.Release|Any CPU.Build.0 = Release|Any CPU
		{73AEF70A-DEEB-475A-927C-70902F454E36}.Debug|Any CPU.ActiveCfg = Debug|Any CPU
		{73AEF70A-DEEB-475A-927C-70902F454E36}.Debug|Any CPU.Build.0 = Debug|Any CPU
		{73AEF70A-DEEB-475A-927C-70902F454E36}.Release|Any CPU.ActiveCfg = Release|Any CPU
		{73AEF70A-DEEB-475A-927C-70902F454E36}.Release|Any CPU.Build.0 = Release|Any CPU
		{7F432942-ACE6-4B64-B545-12E70CD952BD}.Debug|Any CPU.ActiveCfg = Debug|Any CPU
		{7F432942-ACE6-4B64-B545-12E70CD952BD}.Debug|Any CPU.Build.0 = Debug|Any CPU
		{7F432942-ACE6-4B64-B545-12E70CD952BD}.Release|Any CPU.ActiveCfg = Release|Any CPU
		{7F432942-ACE6-4B64-B545-12E70CD952BD}.Release|Any CPU.Build.0 = Release|Any CPU
		{B5AD5DC2-8D6D-455D-815E-96AB4BFA9975}.Debug|Any CPU.ActiveCfg = Debug|Any CPU
		{B5AD5DC2-8D6D-455D-815E-96AB4BFA9975}.Debug|Any CPU.Build.0 = Debug|Any CPU
		{B5AD5DC2-8D6D-455D-815E-96AB4BFA9975}.Release|Any CPU.ActiveCfg = Release|Any CPU
		{B5AD5DC2-8D6D-455D-815E-96AB4BFA9975}.Release|Any CPU.Build.0 = Release|Any CPU
	EndGlobalSection
	GlobalSection(SolutionProperties) = preSolution
		HideSolutionNode = FALSE
	EndGlobalSection
	GlobalSection(NestedProjects) = preSolution
		{2993BA52-2BF7-4DE2-8776-E7317BCF3E34} = {A4A08B4C-861F-481C-B71F-4492391B0D9C}
		{6491B6ED-5F68-41DF-8FAC-7658E102AD5A} = {A4A08B4C-861F-481C-B71F-4492391B0D9C}
		{6264FAB8-8DC9-4DB2-9885-CDF01AB5E3E3} = {A4A08B4C-861F-481C-B71F-4492391B0D9C}
		{569DC162-087C-453C-90B6-E31B74CF149D} = {2FC243D2-BE22-4C38-A7B6-C0A07A0E6037}
		{7E39601E-2742-44EC-B5A3-979EEDD4097B} = {2FC243D2-BE22-4C38-A7B6-C0A07A0E6037}
		{7AED80C0-22BA-4D6A-A9F3-B441D6FA470B} = {2FC243D2-BE22-4C38-A7B6-C0A07A0E6037}
		{C3CA8CE2-0F38-402C-8392-DA8B2C1EB214} = {1951F5BF-1740-4656-9C9C-86D6A3106931}
		{DE27285C-FF21-4056-9681-C00AAD893279} = {1951F5BF-1740-4656-9C9C-86D6A3106931}
		{0E29536D-6346-47FF-852D-C973E516ECE1} = {1951F5BF-1740-4656-9C9C-86D6A3106931}
		{A2A35583-EFE8-49A9-A5C9-2B153FFB8426} = {50D29B26-C075-42FF-A6F8-D386600B273F}
		{7C0C2443-8A85-4B0B-9263-15C44C381DE6} = {50D29B26-C075-42FF-A6F8-D386600B273F}
		{F7F39D05-E5A1-49AF-9446-5D49A0C0EE58} = {50D29B26-C075-42FF-A6F8-D386600B273F}
		{A07F881A-CE35-4801-9742-4A8C8568B13C} = {CA3FD68B-E885-44F7-BCAA-C95ECDA729DA}
		{865CAE09-DA85-4981-9D9A-A02CDF217DF6} = {CA3FD68B-E885-44F7-BCAA-C95ECDA729DA}
		{84B5054F-C29C-4D26-B9D6-1F60C290CDEB} = {CA3FD68B-E885-44F7-BCAA-C95ECDA729DA}
		{73AEF70A-DEEB-475A-927C-70902F454E36} = {F2095D8F-99FD-4640-BE84-03A89B6B384F}
		{7F432942-ACE6-4B64-B545-12E70CD952BD} = {F2095D8F-99FD-4640-BE84-03A89B6B384F}
		{B5AD5DC2-8D6D-455D-815E-96AB4BFA9975} = {F2095D8F-99FD-4640-BE84-03A89B6B384F}
	EndGlobalSection
EndGlobal
